
Microsoft Visual Studio Solution File, Format Version 12.00
# Visual Studio Version 17
VisualStudioVersion = 17.7.34221.43
MinimumVisualStudioVersion = 10.0.40219.1
Project("{FAE04EC0-301F-11D3-BF4B-00C04F79EFBC}") = "Betalytics", "Betalytics.csproj", "{A175B523-28D7-4E85-9FA1-2304E93A57A8}"
EndProject
Project("{2150E333-8FDC-42A3-9474-1A3956D46DE8}") = "Presentation", "Presentation", "{3D63DC47-6367-48EC-958D-B3E3A7159900}"
EndProject
Project("{2150E333-8FDC-42A3-9474-1A3956D46DE8}") = "Data", "Data", "{D69DAE75-23F3-4F6D-8360-82B213EE2BFE}"
EndProject
Project("{FAE04EC0-301F-11D3-BF4B-00C04F79EFBC}") = "Betalytics.Data.Contracts", "..\Data\Betalytics.Data.Contracts\Betalytics.Data.Contracts.csproj", "{86848A96-BBA4-4092-9EA1-4E2E81970645}"
EndProject
Project("{FAE04EC0-301F-11D3-BF4B-00C04F79EFBC}") = "Betalytics.Data", "..\Data\Betalytics.Data\Betalytics.Data.csproj", "{EDAE0765-9109-460F-8A5B-709AC0D66716}"
EndProject
Project("{2150E333-8FDC-42A3-9474-1A3956D46DE8}") = "Domain", "Domain", "{DF162F4C-8908-4101-93CA-86005116A5D5}"
EndProject
Project("{2150E333-8FDC-42A3-9474-1A3956D46DE8}") = "Common", "Common", "{276B51FD-A17A-4D05-B71D-BFF39038918B}"
EndProject
Global
	GlobalSection(SolutionConfigurationPlatforms) = preSolution
		Debug|Any CPU = Debug|Any CPU
		Release|Any CPU = Release|Any CPU
	EndGlobalSection
	GlobalSection(ProjectConfigurationPlatforms) = postSolution
		{A175B523-28D7-4E85-9FA1-2304E93A57A8}.Debug|Any CPU.ActiveCfg = Debug|Any CPU
		{A175B523-28D7-4E85-9FA1-2304E93A57A8}.Debug|Any CPU.Build.0 = Debug|Any CPU
		{A175B523-28D7-4E85-9FA1-2304E93A57A8}.Release|Any CPU.ActiveCfg = Release|Any CPU
		{A175B523-28D7-4E85-9FA1-2304E93A57A8}.Release|Any CPU.Build.0 = Release|Any CPU
		{86848A96-BBA4-4092-9EA1-4E2E81970645}.Debug|Any CPU.ActiveCfg = Debug|Any CPU
		{86848A96-BBA4-4092-9EA1-4E2E81970645}.Debug|Any CPU.Build.0 = Debug|Any CPU
		{86848A96-BBA4-4092-9EA1-4E2E81970645}.Release|Any CPU.ActiveCfg = Release|Any CPU
		{86848A96-BBA4-4092-9EA1-4E2E81970645}.Release|Any CPU.Build.0 = Release|Any CPU
		{EDAE0765-9109-460F-8A5B-709AC0D66716}.Debug|Any CPU.ActiveCfg = Debug|Any CPU
		{EDAE0765-9109-460F-8A5B-709AC0D66716}.Debug|Any CPU.Build.0 = Debug|Any CPU
		{EDAE0765-9109-460F-8A5B-709AC0D66716}.Release|Any CPU.ActiveCfg = Release|Any CPU
		{EDAE0765-9109-460F-8A5B-709AC0D66716}.Release|Any CPU.Build.0 = Release|Any CPU
	EndGlobalSection
	GlobalSection(SolutionProperties) = preSolution
		HideSolutionNode = FALSE
	EndGlobalSection
	GlobalSection(NestedProjects) = preSolution
		{86848A96-BBA4-4092-9EA1-4E2E81970645} = {D69DAE75-23F3-4F6D-8360-82B213EE2BFE}
		{EDAE0765-9109-460F-8A5B-709AC0D66716} = {D69DAE75-23F3-4F6D-8360-82B213EE2BFE}
	EndGlobalSection
	GlobalSection(ExtensibilityGlobals) = postSolution
		SolutionGuid = {88228DB6-FB8D-4B21-9109-9E596D0947DA}
	EndGlobalSection
EndGlobal
